// !$*UTF8*$!
{
	archiveVersion = 1;
	classes = {
	};
	objectVersion = 50;
	objects = {

/* Begin PBXBuildFile section */
		B90E89CE22CFA56C004706AE /* NoteMapController.swift in Sources */ = {isa = PBXBuildFile; fileRef = B90E89CD22CFA56C004706AE /* NoteMapController.swift */; };
		B91315BC22A463B800ED3CD8 /* Folder+CoreDataClass.swift in Sources */ = {isa = PBXBuildFile; fileRef = B91315B422A463B800ED3CD8 /* Folder+CoreDataClass.swift */; };
		B91315BD22A463B800ED3CD8 /* Folder+CoreDataProperties.swift in Sources */ = {isa = PBXBuildFile; fileRef = B91315B522A463B800ED3CD8 /* Folder+CoreDataProperties.swift */; };
		B91315BE22A463B800ED3CD8 /* Note+CoreDataClass.swift in Sources */ = {isa = PBXBuildFile; fileRef = B91315B622A463B800ED3CD8 /* Note+CoreDataClass.swift */; };
		B91315BF22A463B800ED3CD8 /* Note+CoreDataProperties.swift in Sources */ = {isa = PBXBuildFile; fileRef = B91315B722A463B800ED3CD8 /* Note+CoreDataProperties.swift */; };
		B91315C022A463B800ED3CD8 /* Location+CoreDataClass.swift in Sources */ = {isa = PBXBuildFile; fileRef = B91315B822A463B800ED3CD8 /* Location+CoreDataClass.swift */; };
		B91315C122A463B800ED3CD8 /* Location+CoreDataProperties.swift in Sources */ = {isa = PBXBuildFile; fileRef = B91315B922A463B800ED3CD8 /* Location+CoreDataProperties.swift */; };
		B91315C222A463B800ED3CD8 /* ImageNote+CoreDataClass.swift in Sources */ = {isa = PBXBuildFile; fileRef = B91315BA22A463B800ED3CD8 /* ImageNote+CoreDataClass.swift */; };
		B91315C322A463B800ED3CD8 /* ImageNote+CoreDataProperties.swift in Sources */ = {isa = PBXBuildFile; fileRef = B91315BB22A463B800ED3CD8 /* ImageNote+CoreDataProperties.swift */; };
		B93179EF22B03C02006A3957 /* CoreDataManager.swift in Sources */ = {isa = PBXBuildFile; fileRef = B93179EE22B03C02006A3957 /* CoreDataManager.swift */; };
		B932497422D869FD00D791C3 /* MapController.swift in Sources */ = {isa = PBXBuildFile; fileRef = B932497322D869FD00D791C3 /* MapController.swift */; };
		B975D16222B517B3002D9B52 /* FoldersController.swift in Sources */ = {isa = PBXBuildFile; fileRef = B975D16122B517B3002D9B52 /* FoldersController.swift */; };
		B975D16422B5652A002D9B52 /* FolderController.swift in Sources */ = {isa = PBXBuildFile; fileRef = B975D16322B5652A002D9B52 /* FolderController.swift */; };
		B975D16622BAC2B3002D9B52 /* NoteController.swift in Sources */ = {isa = PBXBuildFile; fileRef = B975D16522BAC2B3002D9B52 /* NoteController.swift */; };
		B9C4B51222A4464000D9E3D5 /* AppDelegate.swift in Sources */ = {isa = PBXBuildFile; fileRef = B9C4B51122A4464000D9E3D5 /* AppDelegate.swift */; };
		B9C4B51722A4464000D9E3D5 /* Main.storyboard in Resources */ = {isa = PBXBuildFile; fileRef = B9C4B51522A4464000D9E3D5 /* Main.storyboard */; };
		B9C4B51A22A4464000D9E3D5 /* LocalNote100.xcdatamodeld in Sources */ = {isa = PBXBuildFile; fileRef = B9C4B51822A4464000D9E3D5 /* LocalNote100.xcdatamodeld */; };
		B9C4B51C22A4464400D9E3D5 /* Assets.xcassets in Resources */ = {isa = PBXBuildFile; fileRef = B9C4B51B22A4464400D9E3D5 /* Assets.xcassets */; };
		B9C4B51F22A4464400D9E3D5 /* LaunchScreen.storyboard in Resources */ = {isa = PBXBuildFile; fileRef = B9C4B51D22A4464400D9E3D5 /* LaunchScreen.storyboard */; };
		B9FB996522C795A90057F557 /* SelectFolderController.swift in Sources */ = {isa = PBXBuildFile; fileRef = B9FB996422C795A90057F557 /* SelectFolderController.swift */; };
		B9FB996822CBF3160057F557 /* LocationManager.swift in Sources */ = {isa = PBXBuildFile; fileRef = B9FB996722CBF3160057F557 /* LocationManager.swift */; };
/* End PBXBuildFile section */

/* Begin PBXFileReference section */
		B90E89CD22CFA56C004706AE /* NoteMapController.swift */ = {isa = PBXFileReference; lastKnownFileType = sourcecode.swift; path = NoteMapController.swift; sourceTree = "<group>"; };
		B91315B422A463B800ED3CD8 /* Folder+CoreDataClass.swift */ = {isa = PBXFileReference; lastKnownFileType = sourcecode.swift; path = "Folder+CoreDataClass.swift"; sourceTree = "<group>"; };
		B91315B522A463B800ED3CD8 /* Folder+CoreDataProperties.swift */ = {isa = PBXFileReference; lastKnownFileType = sourcecode.swift; path = "Folder+CoreDataProperties.swift"; sourceTree = "<group>"; };
		B91315B622A463B800ED3CD8 /* Note+CoreDataClass.swift */ = {isa = PBXFileReference; lastKnownFileType = sourcecode.swift; path = "Note+CoreDataClass.swift"; sourceTree = "<group>"; };
		B91315B722A463B800ED3CD8 /* Note+CoreDataProperties.swift */ = {isa = PBXFileReference; lastKnownFileType = sourcecode.swift; path = "Note+CoreDataProperties.swift"; sourceTree = "<group>"; };
		B91315B822A463B800ED3CD8 /* Location+CoreDataClass.swift */ = {isa = PBXFileReference; lastKnownFileType = sourcecode.swift; path = "Location+CoreDataClass.swift"; sourceTree = "<group>"; };
		B91315B922A463B800ED3CD8 /* Location+CoreDataProperties.swift */ = {isa = PBXFileReference; lastKnownFileType = sourcecode.swift; path = "Location+CoreDataProperties.swift"; sourceTree = "<group>"; };
		B91315BA22A463B800ED3CD8 /* ImageNote+CoreDataClass.swift */ = {isa = PBXFileReference; lastKnownFileType = sourcecode.swift; path = "ImageNote+CoreDataClass.swift"; sourceTree = "<group>"; };
		B91315BB22A463B800ED3CD8 /* ImageNote+CoreDataProperties.swift */ = {isa = PBXFileReference; lastKnownFileType = sourcecode.swift; path = "ImageNote+CoreDataProperties.swift"; sourceTree = "<group>"; };
		B93179EE22B03C02006A3957 /* CoreDataManager.swift */ = {isa = PBXFileReference; lastKnownFileType = sourcecode.swift; path = CoreDataManager.swift; sourceTree = "<group>"; };
		B932497322D869FD00D791C3 /* MapController.swift */ = {isa = PBXFileReference; lastKnownFileType = sourcecode.swift; path = MapController.swift; sourceTree = "<group>"; };
		B975D16122B517B3002D9B52 /* FoldersController.swift */ = {isa = PBXFileReference; lastKnownFileType = sourcecode.swift; path = FoldersController.swift; sourceTree = "<group>"; };
		B975D16322B5652A002D9B52 /* FolderController.swift */ = {isa = PBXFileReference; lastKnownFileType = sourcecode.swift; path = FolderController.swift; sourceTree = "<group>"; };
		B975D16522BAC2B3002D9B52 /* NoteController.swift */ = {isa = PBXFileReference; lastKnownFileType = sourcecode.swift; path = NoteController.swift; sourceTree = "<group>"; };
		B9C4B50E22A4464000D9E3D5 /* LocalNote100.app */ = {isa = PBXFileReference; explicitFileType = wrapper.application; includeInIndex = 0; path = LocalNote100.app; sourceTree = BUILT_PRODUCTS_DIR; };
		B9C4B51122A4464000D9E3D5 /* AppDelegate.swift */ = {isa = PBXFileReference; lastKnownFileType = sourcecode.swift; path = AppDelegate.swift; sourceTree = "<group>"; };
		B9C4B51622A4464000D9E3D5 /* Base */ = {isa = PBXFileReference; lastKnownFileType = file.storyboard; name = Base; path = Base.lproj/Main.storyboard; sourceTree = "<group>"; };
		B9C4B51922A4464000D9E3D5 /* LocalNote100.xcdatamodel */ = {isa = PBXFileReference; lastKnownFileType = wrapper.xcdatamodel; path = LocalNote100.xcdatamodel; sourceTree = "<group>"; };
		B9C4B51B22A4464400D9E3D5 /* Assets.xcassets */ = {isa = PBXFileReference; lastKnownFileType = folder.assetcatalog; path = Assets.xcassets; sourceTree = "<group>"; };
		B9C4B51E22A4464400D9E3D5 /* Base */ = {isa = PBXFileReference; lastKnownFileType = file.storyboard; name = Base; path = Base.lproj/LaunchScreen.storyboard; sourceTree = "<group>"; };
		B9C4B52022A4464400D9E3D5 /* Info.plist */ = {isa = PBXFileReference; lastKnownFileType = text.plist.xml; path = Info.plist; sourceTree = "<group>"; };
		B9FB996422C795A90057F557 /* SelectFolderController.swift */ = {isa = PBXFileReference; lastKnownFileType = sourcecode.swift; path = SelectFolderController.swift; sourceTree = "<group>"; };
		B9FB996722CBF3160057F557 /* LocationManager.swift */ = {isa = PBXFileReference; lastKnownFileType = sourcecode.swift; path = LocationManager.swift; sourceTree = "<group>"; };
/* End PBXFileReference section */

/* Begin PBXFrameworksBuildPhase section */
		B9C4B50B22A4464000D9E3D5 /* Frameworks */ = {
			isa = PBXFrameworksBuildPhase;
			buildActionMask = 2147483647;
			files = (
			);
			runOnlyForDeploymentPostprocessing = 0;
		};
/* End PBXFrameworksBuildPhase section */

/* Begin PBXGroup section */
		B91315C422A463D400ED3CD8 /* Model */ = {
			isa = PBXGroup;
			children = (
				B93179EE22B03C02006A3957 /* CoreDataManager.swift */,
				B9FB996722CBF3160057F557 /* LocationManager.swift */,
			);
			path = Model;
			sourceTree = "<group>";
		};
		B9C4B50522A4464000D9E3D5 = {
			isa = PBXGroup;
			children = (
				B9C4B51022A4464000D9E3D5 /* LocalNote100 */,
				B9C4B50F22A4464000D9E3D5 /* Products */,
			);
			sourceTree = "<group>";
		};
		B9C4B50F22A4464000D9E3D5 /* Products */ = {
			isa = PBXGroup;
			children = (
				B9C4B50E22A4464000D9E3D5 /* LocalNote100.app */,
			);
			name = Products;
			sourceTree = "<group>";
		};
		B9C4B51022A4464000D9E3D5 /* LocalNote100 */ = {
			isa = PBXGroup;
			children = (
				B9FB996622CBF1F70057F557 /* CoreData */,
				B91315C422A463D400ED3CD8 /* Model */,
				B9C4B51122A4464000D9E3D5 /* AppDelegate.swift */,
				B9C4B51522A4464000D9E3D5 /* Main.storyboard */,
				B932497322D869FD00D791C3 /* MapController.swift */,
				B975D16122B517B3002D9B52 /* FoldersController.swift */,
				B975D16322B5652A002D9B52 /* FolderController.swift */,
				B975D16522BAC2B3002D9B52 /* NoteController.swift */,
				B9FB996422C795A90057F557 /* SelectFolderController.swift */,
				B90E89CD22CFA56C004706AE /* NoteMapController.swift */,
				B9C4B51B22A4464400D9E3D5 /* Assets.xcassets */,
				B9C4B51D22A4464400D9E3D5 /* LaunchScreen.storyboard */,
				B9C4B51822A4464000D9E3D5 /* LocalNote100.xcdatamodeld */,
				B9C4B52022A4464400D9E3D5 /* Info.plist */,
			);
			path = LocalNote100;
			sourceTree = "<group>";
		};
		B9FB996622CBF1F70057F557 /* CoreData */ = {
			isa = PBXGroup;
			children = (
				B91315B422A463B800ED3CD8 /* Folder+CoreDataClass.swift */,
				B91315B522A463B800ED3CD8 /* Folder+CoreDataProperties.swift */,
				B91315B622A463B800ED3CD8 /* Note+CoreDataClass.swift */,
				B91315B722A463B800ED3CD8 /* Note+CoreDataProperties.swift */,
				B91315B822A463B800ED3CD8 /* Location+CoreDataClass.swift */,
				B91315B922A463B800ED3CD8 /* Location+CoreDataProperties.swift */,
				B91315BA22A463B800ED3CD8 /* ImageNote+CoreDataClass.swift */,
				B91315BB22A463B800ED3CD8 /* ImageNote+CoreDataProperties.swift */,
			);
			path = CoreData;
			sourceTree = "<group>";
		};
/* End PBXGroup section */

/* Begin PBXNativeTarget section */
		B9C4B50D22A4464000D9E3D5 /* LocalNote100 */ = {
			isa = PBXNativeTarget;
			buildConfigurationList = B9C4B52322A4464400D9E3D5 /* Build configuration list for PBXNativeTarget "LocalNote100" */;
			buildPhases = (
				B9C4B50A22A4464000D9E3D5 /* Sources */,
				B9C4B50B22A4464000D9E3D5 /* Frameworks */,
				B9C4B50C22A4464000D9E3D5 /* Resources */,
			);
			buildRules = (
			);
			dependencies = (
			);
			name = LocalNote100;
			productName = LocalNote100;
			productReference = B9C4B50E22A4464000D9E3D5 /* LocalNote100.app */;
			productType = "com.apple.product-type.application";
		};
/* End PBXNativeTarget section */

/* Begin PBXProject section */
		B9C4B50622A4464000D9E3D5 /* Project object */ = {
			isa = PBXProject;
			attributes = {
				LastSwiftUpdateCheck = 1020;
				LastUpgradeCheck = 1020;
				ORGANIZATIONNAME = "Oleksandr Gonorovskyy";
				TargetAttributes = {
					B9C4B50D22A4464000D9E3D5 = {
						CreatedOnToolsVersion = 10.2.1;
					};
				};
			};
			buildConfigurationList = B9C4B50922A4464000D9E3D5 /* Build configuration list for PBXProject "LocalNote100" */;
			compatibilityVersion = "Xcode 9.3";
			developmentRegion = en;
			hasScannedForEncodings = 0;
			knownRegions = (
				en,
				Base,
			);
			mainGroup = B9C4B50522A4464000D9E3D5;
			productRefGroup = B9C4B50F22A4464000D9E3D5 /* Products */;
			projectDirPath = "";
			projectRoot = "";
			targets = (
				B9C4B50D22A4464000D9E3D5 /* LocalNote100 */,
			);
		};
/* End PBXProject section */

/* Begin PBXResourcesBuildPhase section */
		B9C4B50C22A4464000D9E3D5 /* Resources */ = {
			isa = PBXResourcesBuildPhase;
			buildActionMask = 2147483647;
			files = (
				B9C4B51F22A4464400D9E3D5 /* LaunchScreen.storyboard in Resources */,
				B9C4B51C22A4464400D9E3D5 /* Assets.xcassets in Resources */,
				B9C4B51722A4464000D9E3D5 /* Main.storyboard in Resources */,
			);
			runOnlyForDeploymentPostprocessing = 0;
		};
/* End PBXResourcesBuildPhase section */

/* Begin PBXSourcesBuildPhase section */
		B9C4B50A22A4464000D9E3D5 /* Sources */ = {
			isa = PBXSourcesBuildPhase;
			buildActionMask = 2147483647;
			files = (
				B91315C122A463B800ED3CD8 /* Location+CoreDataProperties.swift in Sources */,
				B90E89CE22CFA56C004706AE /* NoteMapController.swift in Sources */,
				B975D16222B517B3002D9B52 /* FoldersController.swift in Sources */,
				B91315C022A463B800ED3CD8 /* Location+CoreDataClass.swift in Sources */,
				B975D16422B5652A002D9B52 /* FolderController.swift in Sources */,
				B9FB996822CBF3160057F557 /* LocationManager.swift in Sources */,
				B9C4B51A22A4464000D9E3D5 /* LocalNote100.xcdatamodeld in Sources */,
				B91315C322A463B800ED3CD8 /* ImageNote+CoreDataProperties.swift in Sources */,
				B91315BD22A463B800ED3CD8 /* Folder+CoreDataProperties.swift in Sources */,
				B91315BE22A463B800ED3CD8 /* Note+CoreDataClass.swift in Sources */,
				B9C4B51222A4464000D9E3D5 /* AppDelegate.swift in Sources */,
				B91315C222A463B800ED3CD8 /* ImageNote+CoreDataClass.swift in Sources */,
				B91315BC22A463B800ED3CD8 /* Folder+CoreDataClass.swift in Sources */,
				B9FB996522C795A90057F557 /* SelectFolderController.swift in Sources */,
				B975D16622BAC2B3002D9B52 /* NoteController.swift in Sources */,
				B91315BF22A463B800ED3CD8 /* Note+CoreDataProperties.swift in Sources */,
				B932497422D869FD00D791C3 /* MapController.swift in Sources */,
				B93179EF22B03C02006A3957 /* CoreDataManager.swift in Sources */,
			);
			runOnlyForDeploymentPostprocessing = 0;
		};
/* End PBXSourcesBuildPhase section */

/* Begin PBXVariantGroup section */
		B9C4B51522A4464000D9E3D5 /* Main.storyboard */ = {
			isa = PBXVariantGroup;
			children = (
				B9C4B51622A4464000D9E3D5 /* Base */,
			);
			name = Main.storyboard;
			sourceTree = "<group>";
		};
		B9C4B51D22A4464400D9E3D5 /* LaunchScreen.storyboard */ = {
			isa = PBXVariantGroup;
			children = (
				B9C4B51E22A4464400D9E3D5 /* Base */,
			);
			name = LaunchScreen.storyboard;
			sourceTree = "<group>";
		};
/* End PBXVariantGroup section */

/* Begin XCBuildConfiguration section */
		B9C4B52122A4464400D9E3D5 /* Debug */ = {
			isa = XCBuildConfiguration;
			buildSettings = {
				ALWAYS_SEARCH_USER_PATHS = NO;
				CLANG_ANALYZER_NONNULL = YES;
				CLANG_ANALYZER_NUMBER_OBJECT_CONVERSION = YES_AGGRESSIVE;
				CLANG_CXX_LANGUAGE_STANDARD = "gnu++14";
				CLANG_CXX_LIBRARY = "libc++";
				CLANG_ENABLE_MODULES = YES;
				CLANG_ENABLE_OBJC_ARC = YES;
				CLANG_ENABLE_OBJC_WEAK = YES;
				CLANG_WARN_BLOCK_CAPTURE_AUTORELEASING = YES;
				CLANG_WARN_BOOL_CONVERSION = YES;
				CLANG_WARN_COMMA = YES;
				CLANG_WARN_CONSTANT_CONVERSION = YES;
				CLANG_WARN_DEPRECATED_OBJC_IMPLEMENTATIONS = YES;
				CLANG_WARN_DIRECT_OBJC_ISA_USAGE = YES_ERROR;
				CLANG_WARN_DOCUMENTATION_COMMENTS = YES;
				CLANG_WARN_EMPTY_BODY = YES;
				CLANG_WARN_ENUM_CONVERSION = YES;
				CLANG_WARN_INFINITE_RECURSION = YES;
				CLANG_WARN_INT_CONVERSION = YES;
				CLANG_WARN_NON_LITERAL_NULL_CONVERSION = YES;
				CLANG_WARN_OBJC_IMPLICIT_RETAIN_SELF = YES;
				CLANG_WARN_OBJC_LITERAL_CONVERSION = YES;
				CLANG_WARN_OBJC_ROOT_CLASS = YES_ERROR;
				CLANG_WARN_RANGE_LOOP_ANALYSIS = YES;
				CLANG_WARN_STRICT_PROTOTYPES = YES;
				CLANG_WARN_SUSPICIOUS_MOVE = YES;
				CLANG_WARN_UNGUARDED_AVAILABILITY = YES_AGGRESSIVE;
				CLANG_WARN_UNREACHABLE_CODE = YES;
				CLANG_WARN__DUPLICATE_METHOD_MATCH = YES;
				CODE_SIGN_IDENTITY = "iPhone Developer";
				COPY_PHASE_STRIP = NO;
				DEBUG_INFORMATION_FORMAT = dwarf;
				ENABLE_STRICT_OBJC_MSGSEND = YES;
				ENABLE_TESTABILITY = YES;
				GCC_C_LANGUAGE_STANDARD = gnu11;
				GCC_DYNAMIC_NO_PIC = NO;
				GCC_NO_COMMON_BLOCKS = YES;
				GCC_OPTIMIZATION_LEVEL = 0;
				GCC_PREPROCESSOR_DEFINITIONS = (
					"DEBUG=1",
					"$(inherited)",
				);
				GCC_WARN_64_TO_32_BIT_CONVERSION = YES;
				GCC_WARN_ABOUT_RETURN_TYPE = YES_ERROR;
				GCC_WARN_UNDECLARED_SELECTOR = YES;
				GCC_WARN_UNINITIALIZED_AUTOS = YES_AGGRESSIVE;
				GCC_WARN_UNUSED_FUNCTION = YES;
				GCC_WARN_UNUSED_VARIABLE = YES;
				IPHONEOS_DEPLOYMENT_TARGET = 12.2;
				MTL_ENABLE_DEBUG_INFO = INCLUDE_SOURCE;
				MTL_FAST_MATH = YES;
				ONLY_ACTIVE_ARCH = YES;
				SDKROOT = iphoneos;
				SWIFT_ACTIVE_COMPILATION_CONDITIONS = DEBUG;
				SWIFT_OPTIMIZATION_LEVEL = "-Onone";
			};
			name = Debug;
		};
		B9C4B52222A4464400D9E3D5 /* Release */ = {
			isa = XCBuildConfiguration;
			buildSettings = {
				ALWAYS_SEARCH_USER_PATHS = NO;
				CLANG_ANALYZER_NONNULL = YES;
				CLANG_ANALYZER_NUMBER_OBJECT_CONVERSION = YES_AGGRESSIVE;
				CLANG_CXX_LANGUAGE_STANDARD = "gnu++14";
				CLANG_CXX_LIBRARY = "libc++";
				CLANG_ENABLE_MODULES = YES;
				CLANG_ENABLE_OBJC_ARC = YES;
				CLANG_ENABLE_OBJC_WEAK = YES;
				CLANG_WARN_BLOCK_CAPTURE_AUTORELEASING = YES;
				CLANG_WARN_BOOL_CONVERSION = YES;
				CLANG_WARN_COMMA = YES;
				CLANG_WARN_CONSTANT_CONVERSION = YES;
				CLANG_WARN_DEPRECATED_OBJC_IMPLEMENTATIONS = YES;
				CLANG_WARN_DIRECT_OBJC_ISA_USAGE = YES_ERROR;
				CLANG_WARN_DOCUMENTATION_COMMENTS = YES;
				CLANG_WARN_EMPTY_BODY = YES;
				CLANG_WARN_ENUM_CONVERSION = YES;
				CLANG_WARN_INFINITE_RECURSION = YES;
				CLANG_WARN_INT_CONVERSION = YES;
				CLANG_WARN_NON_LITERAL_NULL_CONVERSION = YES;
				CLANG_WARN_OBJC_IMPLICIT_RETAIN_SELF = YES;
				CLANG_WARN_OBJC_LITERAL_CONVERSION = YES;
				CLANG_WARN_OBJC_ROOT_CLASS = YES_ERROR;
				CLANG_WARN_RANGE_LOOP_ANALYSIS = YES;
				CLANG_WARN_STRICT_PROTOTYPES = YES;
				CLANG_WARN_SUSPICIOUS_MOVE = YES;
				CLANG_WARN_UNGUARDED_AVAILABILITY = YES_AGGRESSIVE;
				CLANG_WARN_UNREACHABLE_CODE = YES;
				CLANG_WARN__DUPLICATE_METHOD_MATCH = YES;
				CODE_SIGN_IDENTITY = "iPhone Developer";
				COPY_PHASE_STRIP = NO;
				DEBUG_INFORMATION_FORMAT = "dwarf-with-dsym";
				ENABLE_NS_ASSERTIONS = NO;
				ENABLE_STRICT_OBJC_MSGSEND = YES;
				GCC_C_LANGUAGE_STANDARD = gnu11;
				GCC_NO_COMMON_BLOCKS = YES;
				GCC_WARN_64_TO_32_BIT_CONVERSION = YES;
				GCC_WARN_ABOUT_RETURN_TYPE = YES_ERROR;
				GCC_WARN_UNDECLARED_SELECTOR = YES;
				GCC_WARN_UNINITIALIZED_AUTOS = YES_AGGRESSIVE;
				GCC_WARN_UNUSED_FUNCTION = YES;
				GCC_WARN_UNUSED_VARIABLE = YES;
				IPHONEOS_DEPLOYMENT_TARGET = 12.2;
				MTL_ENABLE_DEBUG_INFO = NO;
				MTL_FAST_MATH = YES;
				SDKROOT = iphoneos;
				SWIFT_COMPILATION_MODE = wholemodule;
				SWIFT_OPTIMIZATION_LEVEL = "-O";
				VALIDATE_PRODUCT = YES;
			};
			name = Release;
		};
		B9C4B52422A4464400D9E3D5 /* Debug */ = {
			isa = XCBuildConfiguration;
			buildSettings = {
				ASSETCATALOG_COMPILER_APPICON_NAME = AppIcon;
				CODE_SIGN_STYLE = Automatic;
				DEVELOPMENT_TEAM = 37WA78693K;
				INFOPLIST_FILE = LocalNote100/Info.plist;
				LD_RUNPATH_SEARCH_PATHS = (
					"$(inherited)",
					"@executable_path/Frameworks",
				);
				PRODUCT_BUNDLE_IDENTIFIER = com.ag.LocalNote100;
				PRODUCT_NAME = "$(TARGET_NAME)";
				SWIFT_VERSION = 5.0;
				TARGETED_DEVICE_FAMILY = "1,2";
			};
			name = Debug;
		};
		B9C4B52522A4464400D9E3D5 /* Release */ = {
			isa = XCBuildConfiguration;
			buildSettings = {
				ASSETCATALOG_COMPILER_APPICON_NAME = AppIcon;
				CODE_SIGN_STYLE = Automatic;
				DEVELOPMENT_TEAM = 37WA78693K;
				INFOPLIST_FILE = LocalNote100/Info.plist;
				LD_RUNPATH_SEARCH_PATHS = (
					"$(inherited)",
					"@executable_path/Frameworks",
				);
				PRODUCT_BUNDLE_IDENTIFIER = com.ag.LocalNote100;
				PRODUCT_NAME = "$(TARGET_NAME)";
				SWIFT_VERSION = 5.0;
				TARGETED_DEVICE_FAMILY = "1,2";
			};
			name = Release;
		};
/* End XCBuildConfiguration section */

/* Begin XCConfigurationList section */
		B9C4B50922A4464000D9E3D5 /* Build configuration list for PBXProject "LocalNote100" */ = {
			isa = XCConfigurationList;
			buildConfigurations = (
				B9C4B52122A4464400D9E3D5 /* Debug */,
				B9C4B52222A4464400D9E3D5 /* Release */,
			);
			defaultConfigurationIsVisible = 0;
			defaultConfigurationName = Release;
		};
		B9C4B52322A4464400D9E3D5 /* Build configuration list for PBXNativeTarget "LocalNote100" */ = {
			isa = XCConfigurationList;
			buildConfigurations = (
				B9C4B52422A4464400D9E3D5 /* Debug */,
				B9C4B52522A4464400D9E3D5 /* Release */,
			);
			defaultConfigurationIsVisible = 0;
			defaultConfigurationName = Release;
		};
/* End XCConfigurationList section */

/* Begin XCVersionGroup section */
		B9C4B51822A4464000D9E3D5 /* LocalNote100.xcdatamodeld */ = {
			isa = XCVersionGroup;
			children = (
				B9C4B51922A4464000D9E3D5 /* LocalNote100.xcdatamodel */,
			);
			currentVersion = B9C4B51922A4464000D9E3D5 /* LocalNote100.xcdatamodel */;
			path = LocalNote100.xcdatamodeld;
			sourceTree = "<group>";
			versionGroupType = wrapper.xcdatamodel;
		};
/* End XCVersionGroup section */
	};
	rootObject = B9C4B50622A4464000D9E3D5 /* Project object */;
}
